<?xml version="1.0" encoding="utf-8"?>
<Project ToolsVersion="4.0" xmlns="http://schemas.microsoft.com/developer/msbuild/2003">
  <ItemGroup>
    <Filter Include="소스 파일">
      <UniqueIdentifier>{4FC737F1-C7A5-4376-A066-2A32D752A2FF}</UniqueIdentifier>
      <Extensions>cpp;c;cc;cxx;def;odl;idl;hpj;bat;asm;asmx</Extensions>
    </Filter>
    <Filter Include="헤더 파일">
      <UniqueIdentifier>{93995380-89BD-4b04-88EB-625FBE52EBFB}</UniqueIdentifier>
      <Extensions>h;hh;hpp;hxx;hm;inl;inc;xsd</Extensions>
    </Filter>
    <Filter Include="리소스 파일">
      <UniqueIdentifier>{67DA6AB6-F800-4c08-8B7A-83BB121AAD01}</UniqueIdentifier>
      <Extensions>rc;ico;cur;bmp;dlg;rc2;rct;bin;rgs;gif;jpg;jpeg;jpe;resx;tiff;tif;png;wav;mfcribbon-ms</Extensions>
    </Filter>
    <Filter Include="graph">
      <UniqueIdentifier>{c6bbd774-50e7-40a5-806d-ad8ade73b415}</UniqueIdentifier>
    </Filter>
    <Filter Include="dfs">
      <UniqueIdentifier>{3373ca6d-922c-4c9e-9825-2e393cd23f33}</UniqueIdentifier>
    </Filter>
    <Filter Include="bfs">
      <UniqueIdentifier>{477693cb-1dfc-4eff-a369-bcbc54349c32}</UniqueIdentifier>
    </Filter>
  </ItemGroup>
  <ItemGroup>
    <ClCompile Include="testDriver.cpp">
      <Filter>소스 파일</Filter>
    </ClCompile>
    <ClCompile Include="bfs\BFS.cpp">
      <Filter>bfs</Filter>
    </ClCompile>
    <ClCompile Include="dfs\[2667]houseNumbering.cpp">
      <Filter>dfs</Filter>
    </ClCompile>
    <ClCompile Include="dfs\[10451]permutation_cycle.cpp">
      <Filter>dfs</Filter>
    </ClCompile>
    <ClCompile Include="dfs\DFS.cpp">
      <Filter>dfs</Filter>
    </ClCompile>
    <ClCompile Include="graph\Graph.cpp">
      <Filter>graph</Filter>
    </ClCompile>
    <ClCompile Include="bfs\[7576]tomato.cpp">
      <Filter>소스 파일</Filter>
    </ClCompile>
    <ClCompile Include="samsungSW\[14503]robot_cleaner.cpp">
      <Filter>소스 파일</Filter>
    </ClCompile>
    <ClCompile Include="samsungSW\[14891]tobni.cpp">
      <Filter>소스 파일</Filter>
    </ClCompile>
    <ClCompile Include="samsungSW\[3190]snake.cpp">
      <Filter>소스 파일</Filter>
    </ClCompile>
    <ClCompile Include="samsungSW\colony_incom.cpp">
      <Filter>소스 파일</Filter>
    </ClCompile>
    <ClCompile Include="samsungSW\[14499]dice_incompl.cpp">
      <Filter>소스 파일</Filter>
    </ClCompile>
    <ClCompile Include="dp\[1149]RGB.cpp">
      <Filter>소스 파일</Filter>
    </ClCompile>
    <ClCompile Include="dp\[1463]make_one.cpp">
      <Filter>소스 파일</Filter>
    </ClCompile>
    <ClCompile Include="dp\[2156]drink_winecpp.cpp">
      <Filter>소스 파일</Filter>
    </ClCompile>
    <ClCompile Include="dp\[1520]downstairs.cpp">
      <Filter>소스 파일</Filter>
    </ClCompile>
    <ClCompile Include="dp\[2579]upstairs.cpp">
      <Filter>소스 파일</Filter>
    </ClCompile>
    <ClCompile Include="dp\[1932]numbering_triangle.cpp">
      <Filter>소스 파일</Filter>
    </ClCompile>
    <ClCompile Include="dp\[1005]ACM_craft.cpp">
      <Filter>소스 파일</Filter>
    </ClCompile>
    <ClCompile Include="incomplete\[2803]MyToy.cpp">
      <Filter>소스 파일</Filter>
    </ClCompile>
    <ClCompile Include="incomplete\[5620]minimum_distance.cpp">
      <Filter>소스 파일</Filter>
    </ClCompile>
    <ClCompile Include="dp\[2193]pinary_number.cpp">
      <Filter>소스 파일</Filter>
    </ClCompile>
    <ClCompile Include="incomplete\findLine.cpp">
      <Filter>소스 파일</Filter>
    </ClCompile>
  </ItemGroup>
  <ItemGroup>
    <ClInclude Include="resource.h">
      <Filter>헤더 파일</Filter>
    </ClInclude>
  </ItemGroup>
  <ItemGroup>
    <ResourceCompile Include="MyAlgorithm.rc">
      <Filter>리소스 파일</Filter>
    </ResourceCompile>
  </ItemGroup>
</Project>